
Microsoft Visual Studio Solution File, Format Version 12.00
# Visual Studio Version 16
VisualStudioVersion = 16.0.28917.181
MinimumVisualStudioVersion = 10.0.40219.1
Project("{FAE04EC0-301F-11D3-BF4B-00C04F79EFBC}") = "Bliss-APP.Android", "Bliss-APP.Android\Bliss-APP.Android.csproj", "{E9E21027-943F-4F63-9A9C-871897FE1771}"
EndProject
Project("{FAE04EC0-301F-11D3-BF4B-00C04F79EFBC}") = "Bliss-APP.iOS", "Bliss-APP.iOS\Bliss-APP.iOS.csproj", "{578704C7-2364-40D8-A73F-D7B4D7B4DA1A}"
EndProject
Project("{FAE04EC0-301F-11D3-BF4B-00C04F79EFBC}") = "Bliss-APP", "Bliss-APP\Bliss-APP.csproj", "{1803440E-FFC4-46A1-8112-F6F9F5D25C9A}"
EndProject
Project("{FAE04EC0-301F-11D3-BF4B-00C04F79EFBC}") = "Bliss-APP.Backend", "..\Bliss-APP.Backend\Bliss-APP.Backend.csproj", "{74354CD4-F156-44D6-B8C0-18CC660B5566}"
EndProject
Project("{FAE04EC0-301F-11D3-BF4B-00C04F79EFBC}") = "Bliss-APP.API", "..\Bliss-APP.API\Bliss-APP.API.csproj", "{0BF05669-C6CB-4D68-8CA7-A56C93FC80CF}"
EndProject
Project("{FAE04EC0-301F-11D3-BF4B-00C04F79EFBC}") = "Bliss-APP.Domain", "..\Bliss-APP.Domain\Bliss-APP.Domain.csproj", "{27617C00-87CF-40BC-B343-4CF98ED235E1}"
EndProject
Project("{FAE04EC0-301F-11D3-BF4B-00C04F79EFBC}") = "Bliss-APP.Common", "..\Bliss-APP.Common\Bliss-APP.Common.csproj", "{8559308C-969E-442E-9971-2D69689F92B1}"
EndProject
Global
	GlobalSection(SolutionConfigurationPlatforms) = preSolution
		Debug|Any CPU = Debug|Any CPU
		Debug|iPhone = Debug|iPhone
		Debug|iPhoneSimulator = Debug|iPhoneSimulator
		Release|Any CPU = Release|Any CPU
		Release|iPhone = Release|iPhone
		Release|iPhoneSimulator = Release|iPhoneSimulator
	EndGlobalSection
	GlobalSection(ProjectConfigurationPlatforms) = postSolution
		{E9E21027-943F-4F63-9A9C-871897FE1771}.Debug|Any CPU.ActiveCfg = Debug|Any CPU
		{E9E21027-943F-4F63-9A9C-871897FE1771}.Debug|Any CPU.Build.0 = Debug|Any CPU
		{E9E21027-943F-4F63-9A9C-871897FE1771}.Debug|Any CPU.Deploy.0 = Debug|Any CPU
		{E9E21027-943F-4F63-9A9C-871897FE1771}.Debug|iPhone.ActiveCfg = Debug|Any CPU
		{E9E21027-943F-4F63-9A9C-871897FE1771}.Debug|iPhone.Build.0 = Debug|Any CPU
		{E9E21027-943F-4F63-9A9C-871897FE1771}.Debug|iPhone.Deploy.0 = Debug|Any CPU
		{E9E21027-943F-4F63-9A9C-871897FE1771}.Debug|iPhoneSimulator.ActiveCfg = Debug|Any CPU
		{E9E21027-943F-4F63-9A9C-871897FE1771}.Debug|iPhoneSimulator.Build.0 = Debug|Any CPU
		{E9E21027-943F-4F63-9A9C-871897FE1771}.Debug|iPhoneSimulator.Deploy.0 = Debug|Any CPU
		{E9E21027-943F-4F63-9A9C-871897FE1771}.Release|Any CPU.ActiveCfg = Release|Any CPU
		{E9E21027-943F-4F63-9A9C-871897FE1771}.Release|Any CPU.Build.0 = Release|Any CPU
		{E9E21027-943F-4F63-9A9C-871897FE1771}.Release|Any CPU.Deploy.0 = Release|Any CPU
		{E9E21027-943F-4F63-9A9C-871897FE1771}.Release|iPhone.ActiveCfg = Release|Any CPU
		{E9E21027-943F-4F63-9A9C-871897FE1771}.Release|iPhone.Build.0 = Release|Any CPU
		{E9E21027-943F-4F63-9A9C-871897FE1771}.Release|iPhone.Deploy.0 = Release|Any CPU
		{E9E21027-943F-4F63-9A9C-871897FE1771}.Release|iPhoneSimulator.ActiveCfg = Release|Any CPU
		{E9E21027-943F-4F63-9A9C-871897FE1771}.Release|iPhoneSimulator.Build.0 = Release|Any CPU
		{E9E21027-943F-4F63-9A9C-871897FE1771}.Release|iPhoneSimulator.Deploy.0 = Release|Any CPU
		{578704C7-2364-40D8-A73F-D7B4D7B4DA1A}.Debug|Any CPU.ActiveCfg = Debug|iPhoneSimulator
		{578704C7-2364-40D8-A73F-D7B4D7B4DA1A}.Debug|Any CPU.Build.0 = Debug|iPhoneSimulator
		{578704C7-2364-40D8-A73F-D7B4D7B4DA1A}.Debug|Any CPU.Deploy.0 = Debug|iPhoneSimulator
		{578704C7-2364-40D8-A73F-D7B4D7B4DA1A}.Debug|iPhone.ActiveCfg = Debug|iPhone
		{578704C7-2364-40D8-A73F-D7B4D7B4DA1A}.Debug|iPhone.Build.0 = Debug|iPhone
		{578704C7-2364-40D8-A73F-D7B4D7B4DA1A}.Debug|iPhone.Deploy.0 = Debug|iPhone
		{578704C7-2364-40D8-A73F-D7B4D7B4DA1A}.Debug|iPhoneSimulator.ActiveCfg = Debug|iPhoneSimulator
		{578704C7-2364-40D8-A73F-D7B4D7B4DA1A}.Debug|iPhoneSimulator.Build.0 = Debug|iPhoneSimulator
		{578704C7-2364-40D8-A73F-D7B4D7B4DA1A}.Debug|iPhoneSimulator.Deploy.0 = Debug|iPhoneSimulator
		{578704C7-2364-40D8-A73F-D7B4D7B4DA1A}.Release|Any CPU.ActiveCfg = Release|iPhone
		{578704C7-2364-40D8-A73F-D7B4D7B4DA1A}.Release|Any CPU.Build.0 = Release|iPhone
		{578704C7-2364-40D8-A73F-D7B4D7B4DA1A}.Release|Any CPU.Deploy.0 = Release|iPhone
		{578704C7-2364-40D8-A73F-D7B4D7B4DA1A}.Release|iPhone.ActiveCfg = Release|iPhone
		{578704C7-2364-40D8-A73F-D7B4D7B4DA1A}.Release|iPhone.Build.0 = Release|iPhone
		{578704C7-2364-40D8-A73F-D7B4D7B4DA1A}.Release|iPhone.Deploy.0 = Release|iPhone
		{578704C7-2364-40D8-A73F-D7B4D7B4DA1A}.Release|iPhoneSimulator.ActiveCfg = Release|iPhoneSimulator
		{578704C7-2364-40D8-A73F-D7B4D7B4DA1A}.Release|iPhoneSimulator.Build.0 = Release|iPhoneSimulator
		{578704C7-2364-40D8-A73F-D7B4D7B4DA1A}.Release|iPhoneSimulator.Deploy.0 = Release|iPhoneSimulator
		{1803440E-FFC4-46A1-8112-F6F9F5D25C9A}.Debug|Any CPU.ActiveCfg = Debug|Any CPU
		{1803440E-FFC4-46A1-8112-F6F9F5D25C9A}.Debug|Any CPU.Build.0 = Debug|Any CPU
		{1803440E-FFC4-46A1-8112-F6F9F5D25C9A}.Debug|Any CPU.Deploy.0 = Debug|Any CPU
		{1803440E-FFC4-46A1-8112-F6F9F5D25C9A}.Debug|iPhone.ActiveCfg = Debug|Any CPU
		{1803440E-FFC4-46A1-8112-F6F9F5D25C9A}.Debug|iPhone.Build.0 = Debug|Any CPU
		{1803440E-FFC4-46A1-8112-F6F9F5D25C9A}.Debug|iPhone.Deploy.0 = Debug|Any CPU
		{1803440E-FFC4-46A1-8112-F6F9F5D25C9A}.Debug|iPhoneSimulator.ActiveCfg = Debug|Any CPU
		{1803440E-FFC4-46A1-8112-F6F9F5D25C9A}.Debug|iPhoneSimulator.Build.0 = Debug|Any CPU
		{1803440E-FFC4-46A1-8112-F6F9F5D25C9A}.Debug|iPhoneSimulator.Deploy.0 = Debug|Any CPU
		{1803440E-FFC4-46A1-8112-F6F9F5D25C9A}.Release|Any CPU.ActiveCfg = Release|Any CPU
		{1803440E-FFC4-46A1-8112-F6F9F5D25C9A}.Release|Any CPU.Build.0 = Release|Any CPU
		{1803440E-FFC4-46A1-8112-F6F9F5D25C9A}.Release|Any CPU.Deploy.0 = Release|Any CPU
		{1803440E-FFC4-46A1-8112-F6F9F5D25C9A}.Release|iPhone.ActiveCfg = Release|Any CPU
		{1803440E-FFC4-46A1-8112-F6F9F5D25C9A}.Release|iPhone.Build.0 = Release|Any CPU
		{1803440E-FFC4-46A1-8112-F6F9F5D25C9A}.Release|iPhone.Deploy.0 = Release|Any CPU
		{1803440E-FFC4-46A1-8112-F6F9F5D25C9A}.Release|iPhoneSimulator.ActiveCfg = Release|Any CPU
		{1803440E-FFC4-46A1-8112-F6F9F5D25C9A}.Release|iPhoneSimulator.Build.0 = Release|Any CPU
		{1803440E-FFC4-46A1-8112-F6F9F5D25C9A}.Release|iPhoneSimulator.Deploy.0 = Release|Any CPU
		{74354CD4-F156-44D6-B8C0-18CC660B5566}.Debug|Any CPU.ActiveCfg = Debug|Any CPU
		{74354CD4-F156-44D6-B8C0-18CC660B5566}.Debug|Any CPU.Build.0 = Debug|Any CPU
		{74354CD4-F156-44D6-B8C0-18CC660B5566}.Debug|iPhone.ActiveCfg = Debug|Any CPU
		{74354CD4-F156-44D6-B8C0-18CC660B5566}.Debug|iPhone.Build.0 = Debug|Any CPU
		{74354CD4-F156-44D6-B8C0-18CC660B5566}.Debug|iPhoneSimulator.ActiveCfg = Debug|Any CPU
		{74354CD4-F156-44D6-B8C0-18CC660B5566}.Debug|iPhoneSimulator.Build.0 = Debug|Any CPU
		{74354CD4-F156-44D6-B8C0-18CC660B5566}.Release|Any CPU.ActiveCfg = Release|Any CPU
		{74354CD4-F156-44D6-B8C0-18CC660B5566}.Release|Any CPU.Build.0 = Release|Any CPU
		{74354CD4-F156-44D6-B8C0-18CC660B5566}.Release|iPhone.ActiveCfg = Release|Any CPU
		{74354CD4-F156-44D6-B8C0-18CC660B5566}.Release|iPhone.Build.0 = Release|Any CPU
		{74354CD4-F156-44D6-B8C0-18CC660B5566}.Release|iPhoneSimulator.ActiveCfg = Release|Any CPU
		{74354CD4-F156-44D6-B8C0-18CC660B5566}.Release|iPhoneSimulator.Build.0 = Release|Any CPU
		{0BF05669-C6CB-4D68-8CA7-A56C93FC80CF}.Debug|Any CPU.ActiveCfg = Debug|Any CPU
		{0BF05669-C6CB-4D68-8CA7-A56C93FC80CF}.Debug|Any CPU.Build.0 = Debug|Any CPU
		{0BF05669-C6CB-4D68-8CA7-A56C93FC80CF}.Debug|iPhone.ActiveCfg = Debug|Any CPU
		{0BF05669-C6CB-4D68-8CA7-A56C93FC80CF}.Debug|iPhone.Build.0 = Debug|Any CPU
		{0BF05669-C6CB-4D68-8CA7-A56C93FC80CF}.Debug|iPhoneSimulator.ActiveCfg = Debug|Any CPU
		{0BF05669-C6CB-4D68-8CA7-A56C93FC80CF}.Debug|iPhoneSimulator.Build.0 = Debug|Any CPU
		{0BF05669-C6CB-4D68-8CA7-A56C93FC80CF}.Release|Any CPU.ActiveCfg = Release|Any CPU
		{0BF05669-C6CB-4D68-8CA7-A56C93FC80CF}.Release|Any CPU.Build.0 = Release|Any CPU
		{0BF05669-C6CB-4D68-8CA7-A56C93FC80CF}.Release|iPhone.ActiveCfg = Release|Any CPU
		{0BF05669-C6CB-4D68-8CA7-A56C93FC80CF}.Release|iPhone.Build.0 = Release|Any CPU
		{0BF05669-C6CB-4D68-8CA7-A56C93FC80CF}.Release|iPhoneSimulator.ActiveCfg = Release|Any CPU
		{0BF05669-C6CB-4D68-8CA7-A56C93FC80CF}.Release|iPhoneSimulator.Build.0 = Release|Any CPU
		{27617C00-87CF-40BC-B343-4CF98ED235E1}.Debug|Any CPU.ActiveCfg = Debug|Any CPU
		{27617C00-87CF-40BC-B343-4CF98ED235E1}.Debug|Any CPU.Build.0 = Debug|Any CPU
		{27617C00-87CF-40BC-B343-4CF98ED235E1}.Debug|iPhone.ActiveCfg = Debug|Any CPU
		{27617C00-87CF-40BC-B343-4CF98ED235E1}.Debug|iPhone.Build.0 = Debug|Any CPU
		{27617C00-87CF-40BC-B343-4CF98ED235E1}.Debug|iPhoneSimulator.ActiveCfg = Debug|Any CPU
		{27617C00-87CF-40BC-B343-4CF98ED235E1}.Debug|iPhoneSimulator.Build.0 = Debug|Any CPU
		{27617C00-87CF-40BC-B343-4CF98ED235E1}.Release|Any CPU.ActiveCfg = Release|Any CPU
		{27617C00-87CF-40BC-B343-4CF98ED235E1}.Release|Any CPU.Build.0 = Release|Any CPU
		{27617C00-87CF-40BC-B343-4CF98ED235E1}.Release|iPhone.ActiveCfg = Release|Any CPU
		{27617C00-87CF-40BC-B343-4CF98ED235E1}.Release|iPhone.Build.0 = Release|Any CPU
		{27617C00-87CF-40BC-B343-4CF98ED235E1}.Release|iPhoneSimulator.ActiveCfg = Release|Any CPU
		{27617C00-87CF-40BC-B343-4CF98ED235E1}.Release|iPhoneSimulator.Build.0 = Release|Any CPU
		{8559308C-969E-442E-9971-2D69689F92B1}.Debug|Any CPU.ActiveCfg = Debug|Any CPU
		{8559308C-969E-442E-9971-2D69689F92B1}.Debug|Any CPU.Build.0 = Debug|Any CPU
		{8559308C-969E-442E-9971-2D69689F92B1}.Debug|iPhone.ActiveCfg = Debug|Any CPU
		{8559308C-969E-442E-9971-2D69689F92B1}.Debug|iPhone.Build.0 = Debug|Any CPU
		{8559308C-969E-442E-9971-2D69689F92B1}.Debug|iPhoneSimulator.ActiveCfg = Debug|Any CPU
		{8559308C-969E-442E-9971-2D69689F92B1}.Debug|iPhoneSimulator.Build.0 = Debug|Any CPU
		{8559308C-969E-442E-9971-2D69689F92B1}.Release|Any CPU.ActiveCfg = Release|Any CPU
		{8559308C-969E-442E-9971-2D69689F92B1}.Release|Any CPU.Build.0 = Release|Any CPU
		{8559308C-969E-442E-9971-2D69689F92B1}.Release|iPhone.ActiveCfg = Release|Any CPU
		{8559308C-969E-442E-9971-2D69689F92B1}.Release|iPhone.Build.0 = Release|Any CPU
		{8559308C-969E-442E-9971-2D69689F92B1}.Release|iPhoneSimulator.ActiveCfg = Release|Any CPU
		{8559308C-969E-442E-9971-2D69689F92B1}.Release|iPhoneSimulator.Build.0 = Release|Any CPU
	EndGlobalSection
	GlobalSection(SolutionProperties) = preSolution
		HideSolutionNode = FALSE
	EndGlobalSection
	GlobalSection(ExtensibilityGlobals) = postSolution
		SolutionGuid = {4D1F58C0-D04C-4B9F-A70C-B81E9B3EFB4D}
	EndGlobalSection
EndGlobal
